
Microsoft Visual Studio Solution File, Format Version 12.00
# Visual Studio Version 16
VisualStudioVersion = 16.0.29709.97
MinimumVisualStudioVersion = 10.0.40219.1
Project("{FAE04EC0-301F-11D3-BF4B-00C04F79EFBC}") = "EjemploArreglosMultidimensionales", "EjemploArreglosMultidimensionales.csproj", "{AFB36CF7-CD5F-44F9-B0B2-811A9A2B3AF2}"
EndProject
Global
	GlobalSection(SolutionConfigurationPlatforms) = preSolution
		Debug|Any CPU = Debug|Any CPU
		Release|Any CPU = Release|Any CPU
	EndGlobalSection
	GlobalSection(ProjectConfigurationPlatforms) = postSolution
		{AFB36CF7-CD5F-44F9-B0B2-811A9A2B3AF2}.Debug|Any CPU.ActiveCfg = Debug|Any CPU
		{AFB36CF7-CD5F-44F9-B0B2-811A9A2B3AF2}.Debug|Any CPU.Build.0 = Debug|Any CPU
		{AFB36CF7-CD5F-44F9-B0B2-811A9A2B3AF2}.Release|Any CPU.ActiveCfg = Release|Any CPU
		{AFB36CF7-CD5F-44F9-B0B2-811A9A2B3AF2}.Release|Any CPU.Build.0 = Release|Any CPU
	EndGlobalSection
	GlobalSection(SolutionProperties) = preSolution
		HideSolutionNode = FALSE
	EndGlobalSection
	GlobalSection(ExtensibilityGlobals) = postSolution
		SolutionGuid = {B886250C-0B06-4836-9857-091E8C87DD43}
	EndGlobalSection
EndGlobal
